
Microsoft Visual Studio Solution File, Format Version 12.00
# Visual Studio Version 17
VisualStudioVersion = 17.2.32616.157
MinimumVisualStudioVersion = 10.0.40219.1
Project("{9A19103F-16F7-4668-BE54-9A1E7A4F7556}") = "Cases", "Cases\Cases.csproj", "{DB01D9A9-D243-4482-A527-FED4C1CCFCEB}"
EndProject
Global
	GlobalSection(SolutionConfigurationPlatforms) = preSolution
		Debug|Any CPU = Debug|Any CPU
		Release|Any CPU = Release|Any CPU
	EndGlobalSection
	GlobalSection(ProjectConfigurationPlatforms) = postSolution
		{DB01D9A9-D243-4482-A527-FED4C1CCFCEB}.Debug|Any CPU.ActiveCfg = Debug|Any CPU
		{DB01D9A9-D243-4482-A527-FED4C1CCFCEB}.Debug|Any CPU.Build.0 = Debug|Any CPU
		{DB01D9A9-D243-4482-A527-FED4C1CCFCEB}.Release|Any CPU.ActiveCfg = Release|Any CPU
		{DB01D9A9-D243-4482-A527-FED4C1CCFCEB}.Release|Any CPU.Build.0 = Release|Any CPU
	EndGlobalSection
	GlobalSection(SolutionProperties) = preSolution
		HideSolutionNode = FALSE
	EndGlobalSection
	GlobalSection(ExtensibilityGlobals) = postSolution
		SolutionGuid = {FDECACD0-59E7-4065-AC89-A785D0554CD3}
	EndGlobalSection
EndGlobal
